// !$*UTF8*$!
{
	archiveVersion = 1;
	classes = {
	};
	objectVersion = 46;
	objects = {

/* Begin PBXBuildFile section */
		3581E73F1D274F1C00CA7F37 /* main.m in Sources */ = {isa = PBXBuildFile; fileRef = 3581E73E1D274F1C00CA7F37 /* main.m */; };
		3581E7421D274F1C00CA7F37 /* AppDelegate.m in Sources */ = {isa = PBXBuildFile; fileRef = 3581E7411D274F1C00CA7F37 /* AppDelegate.m */; };
		3581E74A1D274F1C00CA7F37 /* Assets.xcassets in Resources */ = {isa = PBXBuildFile; fileRef = 3581E7491D274F1C00CA7F37 /* Assets.xcassets */; };
		3581E74D1D274F1C00CA7F37 /* LaunchScreen.storyboard in Resources */ = {isa = PBXBuildFile; fileRef = 3581E74B1D274F1C00CA7F37 /* LaunchScreen.storyboard */; };
		3581E7581D274F1C00CA7F37 /* GankYouTests.m in Sources */ = {isa = PBXBuildFile; fileRef = 3581E7571D274F1C00CA7F37 /* GankYouTests.m */; };
		3581E7631D274F1C00CA7F37 /* GankYouUITests.m in Sources */ = {isa = PBXBuildFile; fileRef = 3581E7621D274F1C00CA7F37 /* GankYouUITests.m */; };
		35C8191E1D27876F00BC5642 /* RootTabBarController.m in Sources */ = {isa = PBXBuildFile; fileRef = 35C8191D1D27876F00BC5642 /* RootTabBarController.m */; };
		35C819221D2788CD00BC5642 /* BaseViewController.m in Sources */ = {isa = PBXBuildFile; fileRef = 35C819211D2788CD00BC5642 /* BaseViewController.m */; };
		35C819251D27894600BC5642 /* MeizhiViewController.m in Sources */ = {isa = PBXBuildFile; fileRef = 35C819241D27894600BC5642 /* MeizhiViewController.m */; };
		35C819281D27895500BC5642 /* GankViewController.m in Sources */ = {isa = PBXBuildFile; fileRef = 35C819271D27895500BC5642 /* GankViewController.m */; };
		35C8192B1D27898000BC5642 /* MineViewController.m in Sources */ = {isa = PBXBuildFile; fileRef = 35C8192A1D27898000BC5642 /* MineViewController.m */; };
		35C8192E1D27AB2500BC5642 /* GankModel.m in Sources */ = {isa = PBXBuildFile; fileRef = 35C8192D1D27AB2500BC5642 /* GankModel.m */; };
		35C819311D27ABA100BC5642 /* MeizhiCCell.m in Sources */ = {isa = PBXBuildFile; fileRef = 35C819301D27ABA100BC5642 /* MeizhiCCell.m */; };
		35C819351D27B84D00BC5642 /* ZOZolaZoomTransition.m in Sources */ = {isa = PBXBuildFile; fileRef = 35C819341D27B84D00BC5642 /* ZOZolaZoomTransition.m */; };
		35C819391D27B8EA00BC5642 /* GankNetAPIManager.m in Sources */ = {isa = PBXBuildFile; fileRef = 35C819381D27B8EA00BC5642 /* GankNetAPIManager.m */; };
		35C8193C1D27B8F700BC5642 /* GankNetAPIClient.m in Sources */ = {isa = PBXBuildFile; fileRef = 35C8193B1D27B8F700BC5642 /* GankNetAPIClient.m */; };
		35C8193F1D27DB3200BC5642 /* MeizhiDetailViewController.m in Sources */ = {isa = PBXBuildFile; fileRef = 35C8193E1D27DB3200BC5642 /* MeizhiDetailViewController.m */; };
		B80B93B48D31181D24B721E1 /* libPods-GankYou.a in Frameworks */ = {isa = PBXBuildFile; fileRef = 51905EED053AA0E1610A235E /* libPods-GankYou.a */; };
/* End PBXBuildFile section */

/* Begin PBXContainerItemProxy section */
		3581E7541D274F1C00CA7F37 /* PBXContainerItemProxy */ = {
			isa = PBXContainerItemProxy;
			containerPortal = 3581E7321D274F1C00CA7F37 /* Project object */;
			proxyType = 1;
			remoteGlobalIDString = 3581E7391D274F1C00CA7F37;
			remoteInfo = GankYou;
		};
		3581E75F1D274F1C00CA7F37 /* PBXContainerItemProxy */ = {
			isa = PBXContainerItemProxy;
			containerPortal = 3581E7321D274F1C00CA7F37 /* Project object */;
			proxyType = 1;
			remoteGlobalIDString = 3581E7391D274F1C00CA7F37;
			remoteInfo = GankYou;
		};
/* End PBXContainerItemProxy section */

/* Begin PBXFileReference section */
		12942C916A40E01B9CA28D73 /* Pods-GankYou.release.xcconfig */ = {isa = PBXFileReference; includeInIndex = 1; lastKnownFileType = text.xcconfig; name = "Pods-GankYou.release.xcconfig"; path = "Pods/Target Support Files/Pods-GankYou/Pods-GankYou.release.xcconfig"; sourceTree = "<group>"; };
		3581E73A1D274F1C00CA7F37 /* GankYou.app */ = {isa = PBXFileReference; explicitFileType = wrapper.application; includeInIndex = 0; path = GankYou.app; sourceTree = BUILT_PRODUCTS_DIR; };
		3581E73E1D274F1C00CA7F37 /* main.m */ = {isa = PBXFileReference; lastKnownFileType = sourcecode.c.objc; path = main.m; sourceTree = "<group>"; };
		3581E7401D274F1C00CA7F37 /* AppDelegate.h */ = {isa = PBXFileReference; lastKnownFileType = sourcecode.c.h; path = AppDelegate.h; sourceTree = "<group>"; };
		3581E7411D274F1C00CA7F37 /* AppDelegate.m */ = {isa = PBXFileReference; lastKnownFileType = sourcecode.c.objc; path = AppDelegate.m; sourceTree = "<group>"; };
		3581E7491D274F1C00CA7F37 /* Assets.xcassets */ = {isa = PBXFileReference; lastKnownFileType = folder.assetcatalog; path = Assets.xcassets; sourceTree = "<group>"; };
		3581E74C1D274F1C00CA7F37 /* Base */ = {isa = PBXFileReference; lastKnownFileType = file.storyboard; name = Base; path = Base.lproj/LaunchScreen.storyboard; sourceTree = "<group>"; };
		3581E74E1D274F1C00CA7F37 /* Info.plist */ = {isa = PBXFileReference; lastKnownFileType = text.plist.xml; path = Info.plist; sourceTree = "<group>"; };
		3581E7531D274F1C00CA7F37 /* GankYouTests.xctest */ = {isa = PBXFileReference; explicitFileType = wrapper.cfbundle; includeInIndex = 0; path = GankYouTests.xctest; sourceTree = BUILT_PRODUCTS_DIR; };
		3581E7571D274F1C00CA7F37 /* GankYouTests.m */ = {isa = PBXFileReference; lastKnownFileType = sourcecode.c.objc; path = GankYouTests.m; sourceTree = "<group>"; };
		3581E7591D274F1C00CA7F37 /* Info.plist */ = {isa = PBXFileReference; lastKnownFileType = text.plist.xml; path = Info.plist; sourceTree = "<group>"; };
		3581E75E1D274F1C00CA7F37 /* GankYouUITests.xctest */ = {isa = PBXFileReference; explicitFileType = wrapper.cfbundle; includeInIndex = 0; path = GankYouUITests.xctest; sourceTree = BUILT_PRODUCTS_DIR; };
		3581E7621D274F1C00CA7F37 /* GankYouUITests.m */ = {isa = PBXFileReference; lastKnownFileType = sourcecode.c.objc; path = GankYouUITests.m; sourceTree = "<group>"; };
		3581E7641D274F1C00CA7F37 /* Info.plist */ = {isa = PBXFileReference; lastKnownFileType = text.plist.xml; path = Info.plist; sourceTree = "<group>"; };
		3581E7821D27574700CA7F37 /* GankYou-Prefix.pch */ = {isa = PBXFileReference; lastKnownFileType = sourcecode.c.h; path = "GankYou-Prefix.pch"; sourceTree = "<group>"; };
		35C8191C1D27876F00BC5642 /* RootTabBarController.h */ = {isa = PBXFileReference; fileEncoding = 4; lastKnownFileType = sourcecode.c.h; path = RootTabBarController.h; sourceTree = "<group>"; };
		35C8191D1D27876F00BC5642 /* RootTabBarController.m */ = {isa = PBXFileReference; fileEncoding = 4; lastKnownFileType = sourcecode.c.objc; path = RootTabBarController.m; sourceTree = "<group>"; };
		35C819201D2788CD00BC5642 /* BaseViewController.h */ = {isa = PBXFileReference; fileEncoding = 4; lastKnownFileType = sourcecode.c.h; path = BaseViewController.h; sourceTree = "<group>"; };
		35C819211D2788CD00BC5642 /* BaseViewController.m */ = {isa = PBXFileReference; fileEncoding = 4; lastKnownFileType = sourcecode.c.objc; path = BaseViewController.m; sourceTree = "<group>"; };
		35C819231D27894600BC5642 /* MeizhiViewController.h */ = {isa = PBXFileReference; fileEncoding = 4; lastKnownFileType = sourcecode.c.h; path = MeizhiViewController.h; sourceTree = "<group>"; };
		35C819241D27894600BC5642 /* MeizhiViewController.m */ = {isa = PBXFileReference; fileEncoding = 4; lastKnownFileType = sourcecode.c.objc; path = MeizhiViewController.m; sourceTree = "<group>"; };
		35C819261D27895500BC5642 /* GankViewController.h */ = {isa = PBXFileReference; fileEncoding = 4; lastKnownFileType = sourcecode.c.h; path = GankViewController.h; sourceTree = "<group>"; };
		35C819271D27895500BC5642 /* GankViewController.m */ = {isa = PBXFileReference; fileEncoding = 4; lastKnownFileType = sourcecode.c.objc; path = GankViewController.m; sourceTree = "<group>"; };
		35C819291D27898000BC5642 /* MineViewController.h */ = {isa = PBXFileReference; fileEncoding = 4; lastKnownFileType = sourcecode.c.h; path = MineViewController.h; sourceTree = "<group>"; };
		35C8192A1D27898000BC5642 /* MineViewController.m */ = {isa = PBXFileReference; fileEncoding = 4; lastKnownFileType = sourcecode.c.objc; path = MineViewController.m; sourceTree = "<group>"; };
		35C8192C1D27AB2500BC5642 /* GankModel.h */ = {isa = PBXFileReference; fileEncoding = 4; lastKnownFileType = sourcecode.c.h; path = GankModel.h; sourceTree = "<group>"; };
		35C8192D1D27AB2500BC5642 /* GankModel.m */ = {isa = PBXFileReference; fileEncoding = 4; lastKnownFileType = sourcecode.c.objc; path = GankModel.m; sourceTree = "<group>"; };
		35C8192F1D27ABA100BC5642 /* MeizhiCCell.h */ = {isa = PBXFileReference; fileEncoding = 4; lastKnownFileType = sourcecode.c.h; path = MeizhiCCell.h; sourceTree = "<group>"; };
		35C819301D27ABA100BC5642 /* MeizhiCCell.m */ = {isa = PBXFileReference; fileEncoding = 4; lastKnownFileType = sourcecode.c.objc; path = MeizhiCCell.m; sourceTree = "<group>"; };
		35C819331D27B84D00BC5642 /* ZOZolaZoomTransition.h */ = {isa = PBXFileReference; fileEncoding = 4; lastKnownFileType = sourcecode.c.h; path = ZOZolaZoomTransition.h; sourceTree = "<group>"; };
		35C819341D27B84D00BC5642 /* ZOZolaZoomTransition.m */ = {isa = PBXFileReference; fileEncoding = 4; lastKnownFileType = sourcecode.c.objc; path = ZOZolaZoomTransition.m; sourceTree = "<group>"; };
		35C819371D27B8EA00BC5642 /* GankNetAPIManager.h */ = {isa = PBXFileReference; fileEncoding = 4; lastKnownFileType = sourcecode.c.h; path = GankNetAPIManager.h; sourceTree = "<group>"; };
		35C819381D27B8EA00BC5642 /* GankNetAPIManager.m */ = {isa = PBXFileReference; fileEncoding = 4; lastKnownFileType = sourcecode.c.objc; path = GankNetAPIManager.m; sourceTree = "<group>"; };
		35C8193A1D27B8F700BC5642 /* GankNetAPIClient.h */ = {isa = PBXFileReference; fileEncoding = 4; lastKnownFileType = sourcecode.c.h; path = GankNetAPIClient.h; sourceTree = "<group>"; };
		35C8193B1D27B8F700BC5642 /* GankNetAPIClient.m */ = {isa = PBXFileReference; fileEncoding = 4; lastKnownFileType = sourcecode.c.objc; path = GankNetAPIClient.m; sourceTree = "<group>"; };
		35C8193D1D27DB3200BC5642 /* MeizhiDetailViewController.h */ = {isa = PBXFileReference; fileEncoding = 4; lastKnownFileType = sourcecode.c.h; path = MeizhiDetailViewController.h; sourceTree = "<group>"; };
		35C8193E1D27DB3200BC5642 /* MeizhiDetailViewController.m */ = {isa = PBXFileReference; fileEncoding = 4; lastKnownFileType = sourcecode.c.objc; path = MeizhiDetailViewController.m; sourceTree = "<group>"; };
		51905EED053AA0E1610A235E /* libPods-GankYou.a */ = {isa = PBXFileReference; explicitFileType = archive.ar; includeInIndex = 0; path = "libPods-GankYou.a"; sourceTree = BUILT_PRODUCTS_DIR; };
		E55F8172D913DD0DEF228308 /* Pods-GankYou.debug.xcconfig */ = {isa = PBXFileReference; includeInIndex = 1; lastKnownFileType = text.xcconfig; name = "Pods-GankYou.debug.xcconfig"; path = "Pods/Target Support Files/Pods-GankYou/Pods-GankYou.debug.xcconfig"; sourceTree = "<group>"; };
/* End PBXFileReference section */

/* Begin PBXFrameworksBuildPhase section */
		3581E7371D274F1C00CA7F37 /* Frameworks */ = {
			isa = PBXFrameworksBuildPhase;
			buildActionMask = 2147483647;
			files = (
				B80B93B48D31181D24B721E1 /* libPods-GankYou.a in Frameworks */,
			);
			runOnlyForDeploymentPostprocessing = 0;
		};
		3581E7501D274F1C00CA7F37 /* Frameworks */ = {
			isa = PBXFrameworksBuildPhase;
			buildActionMask = 2147483647;
			files = (
			);
			runOnlyForDeploymentPostprocessing = 0;
		};
		3581E75B1D274F1C00CA7F37 /* Frameworks */ = {
			isa = PBXFrameworksBuildPhase;
			buildActionMask = 2147483647;
			files = (
			);
			runOnlyForDeploymentPostprocessing = 0;
		};
/* End PBXFrameworksBuildPhase section */

/* Begin PBXGroup section */
		3261B3705D0834554DB43648 /* Pods */ = {
			isa = PBXGroup;
			children = (
				E55F8172D913DD0DEF228308 /* Pods-GankYou.debug.xcconfig */,
				12942C916A40E01B9CA28D73 /* Pods-GankYou.release.xcconfig */,
			);
			name = Pods;
			sourceTree = "<group>";
		};
		3581E7311D274F1C00CA7F37 = {
			isa = PBXGroup;
			children = (
				3581E73C1D274F1C00CA7F37 /* GankYou */,
				3581E7561D274F1C00CA7F37 /* GankYouTests */,
				3581E7611D274F1C00CA7F37 /* GankYouUITests */,
				3581E73B1D274F1C00CA7F37 /* Products */,
				3261B3705D0834554DB43648 /* Pods */,
				5F005159BB914C71397C54DC /* Frameworks */,
			);
			sourceTree = "<group>";
		};
		3581E73B1D274F1C00CA7F37 /* Products */ = {
			isa = PBXGroup;
			children = (
				3581E73A1D274F1C00CA7F37 /* GankYou.app */,
				3581E7531D274F1C00CA7F37 /* GankYouTests.xctest */,
				3581E75E1D274F1C00CA7F37 /* GankYouUITests.xctest */,
			);
			name = Products;
			sourceTree = "<group>";
		};
		3581E73C1D274F1C00CA7F37 /* GankYou */ = {
			isa = PBXGroup;
			children = (
				3581E77E1D27555900CA7F37 /* Vendor */,
				3581E77D1D27554D00CA7F37 /* Utility */,
				3581E77C1D27552C00CA7F37 /* Common */,
				3581E7781D27550A00CA7F37 /* Meizhi */,
				3581E7741D2754E800CA7F37 /* Gank */,
				3581E7701D2754C300CA7F37 /* Mine */,
				3581E7401D274F1C00CA7F37 /* AppDelegate.h */,
				3581E7411D274F1C00CA7F37 /* AppDelegate.m */,
				3581E7491D274F1C00CA7F37 /* Assets.xcassets */,
				3581E74B1D274F1C00CA7F37 /* LaunchScreen.storyboard */,
				3581E74E1D274F1C00CA7F37 /* Info.plist */,
				3581E7821D27574700CA7F37 /* GankYou-Prefix.pch */,
				3581E73D1D274F1C00CA7F37 /* Supporting Files */,
			);
			path = GankYou;
			sourceTree = "<group>";
		};
		3581E73D1D274F1C00CA7F37 /* Supporting Files */ = {
			isa = PBXGroup;
			children = (
				3581E73E1D274F1C00CA7F37 /* main.m */,
			);
			name = "Supporting Files";
			sourceTree = "<group>";
		};
		3581E7561D274F1C00CA7F37 /* GankYouTests */ = {
			isa = PBXGroup;
			children = (
				3581E7571D274F1C00CA7F37 /* GankYouTests.m */,
				3581E7591D274F1C00CA7F37 /* Info.plist */,
			);
			path = GankYouTests;
			sourceTree = "<group>";
		};
		3581E7611D274F1C00CA7F37 /* GankYouUITests */ = {
			isa = PBXGroup;
			children = (
				3581E7621D274F1C00CA7F37 /* GankYouUITests.m */,
				3581E7641D274F1C00CA7F37 /* Info.plist */,
			);
			path = GankYouUITests;
			sourceTree = "<group>";
		};
		3581E7701D2754C300CA7F37 /* Mine */ = {
			isa = PBXGroup;
			children = (
				3581E7731D2754DE00CA7F37 /* Model */,
				3581E7721D2754D700CA7F37 /* View */,
				3581E7711D2754CD00CA7F37 /* Controller */,
			);
			name = Mine;
			sourceTree = "<group>";
		};
		3581E7711D2754CD00CA7F37 /* Controller */ = {
			isa = PBXGroup;
			children = (
				35C819291D27898000BC5642 /* MineViewController.h */,
				35C8192A1D27898000BC5642 /* MineViewController.m */,
			);
			name = Controller;
			sourceTree = "<group>";
		};
		3581E7721D2754D700CA7F37 /* View */ = {
			isa = PBXGroup;
			children = (
			);
			name = View;
			sourceTree = "<group>";
		};
		3581E7731D2754DE00CA7F37 /* Model */ = {
			isa = PBXGroup;
			children = (
			);
			name = Model;
			sourceTree = "<group>";
		};
		3581E7741D2754E800CA7F37 /* Gank */ = {
			isa = PBXGroup;
			children = (
				3581E7771D27550100CA7F37 /* Model */,
				3581E7761D2754FC00CA7F37 /* View */,
				3581E7751D2754F300CA7F37 /* Controller */,
			);
			name = Gank;
			sourceTree = "<group>";
		};
		3581E7751D2754F300CA7F37 /* Controller */ = {
			isa = PBXGroup;
			children = (
				35C819261D27895500BC5642 /* GankViewController.h */,
				35C819271D27895500BC5642 /* GankViewController.m */,
			);
			name = Controller;
			sourceTree = "<group>";
		};
		3581E7761D2754FC00CA7F37 /* View */ = {
			isa = PBXGroup;
			children = (
			);
			name = View;
			sourceTree = "<group>";
		};
		3581E7771D27550100CA7F37 /* Model */ = {
			isa = PBXGroup;
			children = (
				35C8192C1D27AB2500BC5642 /* GankModel.h */,
				35C8192D1D27AB2500BC5642 /* GankModel.m */,
			);
			name = Model;
			sourceTree = "<group>";
		};
		3581E7781D27550A00CA7F37 /* Meizhi */ = {
			isa = PBXGroup;
			children = (
				3581E77B1D27551A00CA7F37 /* Model */,
				3581E77A1D27551500CA7F37 /* View */,
				3581E7791D27550F00CA7F37 /* Controller */,
			);
			name = Meizhi;
			sourceTree = "<group>";
		};
		3581E7791D27550F00CA7F37 /* Controller */ = {
			isa = PBXGroup;
			children = (
				35C819231D27894600BC5642 /* MeizhiViewController.h */,
				35C819241D27894600BC5642 /* MeizhiViewController.m */,
				35C8193D1D27DB3200BC5642 /* MeizhiDetailViewController.h */,
				35C8193E1D27DB3200BC5642 /* MeizhiDetailViewController.m */,
			);
			name = Controller;
			sourceTree = "<group>";
		};
		3581E77A1D27551500CA7F37 /* View */ = {
			isa = PBXGroup;
			children = (
				35C8192F1D27ABA100BC5642 /* MeizhiCCell.h */,
				35C819301D27ABA100BC5642 /* MeizhiCCell.m */,
			);
			name = View;
			sourceTree = "<group>";
		};
		3581E77B1D27551A00CA7F37 /* Model */ = {
			isa = PBXGroup;
			children = (
			);
			name = Model;
			sourceTree = "<group>";
		};
		3581E77C1D27552C00CA7F37 /* Common */ = {
			isa = PBXGroup;
			children = (
				35C8191F1D2788AD00BC5642 /* BaseController */,
				35C819181D27868F00BC5642 /* RootControllers */,
			);
			name = Common;
			sourceTree = "<group>";
		};
		3581E77D1D27554D00CA7F37 /* Utility */ = {
			isa = PBXGroup;
			children = (
				35C819361D27B8D500BC5642 /* Network */,
				35C819321D27B83000BC5642 /* Transition */,
			);
			name = Utility;
			sourceTree = "<group>";
		};
		3581E77E1D27555900CA7F37 /* Vendor */ = {
			isa = PBXGroup;
			children = (
			);
			name = Vendor;
			sourceTree = "<group>";
		};
		35C819181D27868F00BC5642 /* RootControllers */ = {
			isa = PBXGroup;
			children = (
				35C8191C1D27876F00BC5642 /* RootTabBarController.h */,
				35C8191D1D27876F00BC5642 /* RootTabBarController.m */,
			);
			name = RootControllers;
			sourceTree = "<group>";
		};
		35C8191F1D2788AD00BC5642 /* BaseController */ = {
			isa = PBXGroup;
			children = (
				35C819201D2788CD00BC5642 /* BaseViewController.h */,
				35C819211D2788CD00BC5642 /* BaseViewController.m */,
			);
			name = BaseController;
			sourceTree = "<group>";
		};
		35C819321D27B83000BC5642 /* Transition */ = {
			isa = PBXGroup;
			children = (
				35C819331D27B84D00BC5642 /* ZOZolaZoomTransition.h */,
				35C819341D27B84D00BC5642 /* ZOZolaZoomTransition.m */,
			);
			name = Transition;
			sourceTree = "<group>";
		};
		35C819361D27B8D500BC5642 /* Network */ = {
			isa = PBXGroup;
			children = (
				35C8193A1D27B8F700BC5642 /* GankNetAPIClient.h */,
				35C8193B1D27B8F700BC5642 /* GankNetAPIClient.m */,
				35C819371D27B8EA00BC5642 /* GankNetAPIManager.h */,
				35C819381D27B8EA00BC5642 /* GankNetAPIManager.m */,
			);
			name = Network;
			sourceTree = "<group>";
		};
		5F005159BB914C71397C54DC /* Frameworks */ = {
			isa = PBXGroup;
			children = (
				51905EED053AA0E1610A235E /* libPods-GankYou.a */,
			);
			name = Frameworks;
			sourceTree = "<group>";
		};
/* End PBXGroup section */

/* Begin PBXNativeTarget section */
		3581E7391D274F1C00CA7F37 /* GankYou */ = {
			isa = PBXNativeTarget;
			buildConfigurationList = 3581E7671D274F1C00CA7F37 /* Build configuration list for PBXNativeTarget "GankYou" */;
			buildPhases = (
				EEF89E6BD25C8E6F47AEAB16 /* Check Pods Manifest.lock */,
				3581E7361D274F1C00CA7F37 /* Sources */,
				3581E7371D274F1C00CA7F37 /* Frameworks */,
				3581E7381D274F1C00CA7F37 /* Resources */,
				D793818BCF9928DED6FE0C94 /* Embed Pods Frameworks */,
				2A0C862E05DD9B27E7243ACB /* Copy Pods Resources */,
			);
			buildRules = (
			);
			dependencies = (
			);
			name = GankYou;
			productName = GankYou;
			productReference = 3581E73A1D274F1C00CA7F37 /* GankYou.app */;
			productType = "com.apple.product-type.application";
		};
		3581E7521D274F1C00CA7F37 /* GankYouTests */ = {
			isa = PBXNativeTarget;
			buildConfigurationList = 3581E76A1D274F1C00CA7F37 /* Build configuration list for PBXNativeTarget "GankYouTests" */;
			buildPhases = (
				3581E74F1D274F1C00CA7F37 /* Sources */,
				3581E7501D274F1C00CA7F37 /* Frameworks */,
				3581E7511D274F1C00CA7F37 /* Resources */,
			);
			buildRules = (
			);
			dependencies = (
				3581E7551D274F1C00CA7F37 /* PBXTargetDependency */,
			);
			name = GankYouTests;
			productName = GankYouTests;
			productReference = 3581E7531D274F1C00CA7F37 /* GankYouTests.xctest */;
			productType = "com.apple.product-type.bundle.unit-test";
		};
		3581E75D1D274F1C00CA7F37 /* GankYouUITests */ = {
			isa = PBXNativeTarget;
			buildConfigurationList = 3581E76D1D274F1C00CA7F37 /* Build configuration list for PBXNativeTarget "GankYouUITests" */;
			buildPhases = (
				3581E75A1D274F1C00CA7F37 /* Sources */,
				3581E75B1D274F1C00CA7F37 /* Frameworks */,
				3581E75C1D274F1C00CA7F37 /* Resources */,
			);
			buildRules = (
			);
			dependencies = (
				3581E7601D274F1C00CA7F37 /* PBXTargetDependency */,
			);
			name = GankYouUITests;
			productName = GankYouUITests;
			productReference = 3581E75E1D274F1C00CA7F37 /* GankYouUITests.xctest */;
			productType = "com.apple.product-type.bundle.ui-testing";
		};
/* End PBXNativeTarget section */

/* Begin PBXProject section */
		3581E7321D274F1C00CA7F37 /* Project object */ = {
			isa = PBXProject;
			attributes = {
				LastUpgradeCheck = 0730;
				ORGANIZATIONNAME = "Tang Qi";
				TargetAttributes = {
					3581E7391D274F1C00CA7F37 = {
						CreatedOnToolsVersion = 7.3.1;
						DevelopmentTeam = 4725AZSKC6;
					};
					3581E7521D274F1C00CA7F37 = {
						CreatedOnToolsVersion = 7.3.1;
						DevelopmentTeam = 4725AZSKC6;
						TestTargetID = 3581E7391D274F1C00CA7F37;
					};
					3581E75D1D274F1C00CA7F37 = {
						CreatedOnToolsVersion = 7.3.1;
						DevelopmentTeam = 4725AZSKC6;
						TestTargetID = 3581E7391D274F1C00CA7F37;
					};
				};
			};
			buildConfigurationList = 3581E7351D274F1C00CA7F37 /* Build configuration list for PBXProject "GankYou" */;
			compatibilityVersion = "Xcode 3.2";
			developmentRegion = English;
			hasScannedForEncodings = 0;
			knownRegions = (
				en,
				Base,
			);
			mainGroup = 3581E7311D274F1C00CA7F37;
			productRefGroup = 3581E73B1D274F1C00CA7F37 /* Products */;
			projectDirPath = "";
			projectRoot = "";
			targets = (
				3581E7391D274F1C00CA7F37 /* GankYou */,
				3581E7521D274F1C00CA7F37 /* GankYouTests */,
				3581E75D1D274F1C00CA7F37 /* GankYouUITests */,
			);
		};
/* End PBXProject section */

/* Begin PBXResourcesBuildPhase section */
		3581E7381D274F1C00CA7F37 /* Resources */ = {
			isa = PBXResourcesBuildPhase;
			buildActionMask = 2147483647;
			files = (
				3581E74D1D274F1C00CA7F37 /* LaunchScreen.storyboard in Resources */,
				3581E74A1D274F1C00CA7F37 /* Assets.xcassets in Resources */,
			);
			runOnlyForDeploymentPostprocessing = 0;
		};
		3581E7511D274F1C00CA7F37 /* Resources */ = {
			isa = PBXResourcesBuildPhase;
			buildActionMask = 2147483647;
			files = (
			);
			runOnlyForDeploymentPostprocessing = 0;
		};
		3581E75C1D274F1C00CA7F37 /* Resources */ = {
			isa = PBXResourcesBuildPhase;
			buildActionMask = 2147483647;
			files = (
			);
			runOnlyForDeploymentPostprocessing = 0;
		};
/* End PBXResourcesBuildPhase section */

/* Begin PBXShellScriptBuildPhase section */
		2A0C862E05DD9B27E7243ACB /* Copy Pods Resources */ = {
			isa = PBXShellScriptBuildPhase;
			buildActionMask = 2147483647;
			files = (
			);
			inputPaths = (
			);
			name = "Copy Pods Resources";
			outputPaths = (
			);
			runOnlyForDeploymentPostprocessing = 0;
			shellPath = /bin/sh;
			shellScript = "\"${SRCROOT}/Pods/Target Support Files/Pods-GankYou/Pods-GankYou-resources.sh\"\n";
			showEnvVarsInLog = 0;
		};
		D793818BCF9928DED6FE0C94 /* Embed Pods Frameworks */ = {
			isa = PBXShellScriptBuildPhase;
			buildActionMask = 2147483647;
			files = (
			);
			inputPaths = (
			);
			name = "Embed Pods Frameworks";
			outputPaths = (
			);
			runOnlyForDeploymentPostprocessing = 0;
			shellPath = /bin/sh;
			shellScript = "\"${SRCROOT}/Pods/Target Support Files/Pods-GankYou/Pods-GankYou-frameworks.sh\"\n";
			showEnvVarsInLog = 0;
		};
		EEF89E6BD25C8E6F47AEAB16 /* Check Pods Manifest.lock */ = {
			isa = PBXShellScriptBuildPhase;
			buildActionMask = 2147483647;
			files = (
			);
			inputPaths = (
			);
			name = "Check Pods Manifest.lock";
			outputPaths = (
			);
			runOnlyForDeploymentPostprocessing = 0;
			shellPath = /bin/sh;
			shellScript = "diff \"${PODS_ROOT}/../Podfile.lock\" \"${PODS_ROOT}/Manifest.lock\" > /dev/null\nif [[ $? != 0 ]] ; then\n    cat << EOM\nerror: The sandbox is not in sync with the Podfile.lock. Run 'pod install' or update your CocoaPods installation.\nEOM\n    exit 1\nfi\n";
			showEnvVarsInLog = 0;
		};
/* End PBXShellScriptBuildPhase section */

/* Begin PBXSourcesBuildPhase section */
		3581E7361D274F1C00CA7F37 /* Sources */ = {
			isa = PBXSourcesBuildPhase;
			buildActionMask = 2147483647;
			files = (
				35C819391D27B8EA00BC5642 /* GankNetAPIManager.m in Sources */,
				35C8192E1D27AB2500BC5642 /* GankModel.m in Sources */,
				35C819221D2788CD00BC5642 /* BaseViewController.m in Sources */,
				35C8191E1D27876F00BC5642 /* RootTabBarController.m in Sources */,
				3581E7421D274F1C00CA7F37 /* AppDelegate.m in Sources */,
				35C819351D27B84D00BC5642 /* ZOZolaZoomTransition.m in Sources */,
				35C8193C1D27B8F700BC5642 /* GankNetAPIClient.m in Sources */,
				35C819251D27894600BC5642 /* MeizhiViewController.m in Sources */,
				35C819281D27895500BC5642 /* GankViewController.m in Sources */,
				3581E73F1D274F1C00CA7F37 /* main.m in Sources */,
				35C8192B1D27898000BC5642 /* MineViewController.m in Sources */,
				35C8193F1D27DB3200BC5642 /* MeizhiDetailViewController.m in Sources */,
				35C819311D27ABA100BC5642 /* MeizhiCCell.m in Sources */,
			);
			runOnlyForDeploymentPostprocessing = 0;
		};
		3581E74F1D274F1C00CA7F37 /* Sources */ = {
			isa = PBXSourcesBuildPhase;
			buildActionMask = 2147483647;
			files = (
				3581E7581D274F1C00CA7F37 /* GankYouTests.m in Sources */,
			);
			runOnlyForDeploymentPostprocessing = 0;
		};
		3581E75A1D274F1C00CA7F37 /* Sources */ = {
			isa = PBXSourcesBuildPhase;
			buildActionMask = 2147483647;
			files = (
				3581E7631D274F1C00CA7F37 /* GankYouUITests.m in Sources */,
			);
			runOnlyForDeploymentPostprocessing = 0;
		};
/* End PBXSourcesBuildPhase section */

/* Begin PBXTargetDependency section */
		3581E7551D274F1C00CA7F37 /* PBXTargetDependency */ = {
			isa = PBXTargetDependency;
			target = 3581E7391D274F1C00CA7F37 /* GankYou */;
			targetProxy = 3581E7541D274F1C00CA7F37 /* PBXContainerItemProxy */;
		};
		3581E7601D274F1C00CA7F37 /* PBXTargetDependency */ = {
			isa = PBXTargetDependency;
			target = 3581E7391D274F1C00CA7F37 /* GankYou */;
			targetProxy = 3581E75F1D274F1C00CA7F37 /* PBXContainerItemProxy */;
		};
/* End PBXTargetDependency section */

/* Begin PBXVariantGroup section */
		3581E74B1D274F1C00CA7F37 /* LaunchScreen.storyboard */ = {
			isa = PBXVariantGroup;
			children = (
				3581E74C1D274F1C00CA7F37 /* Base */,
			);
			name = LaunchScreen.storyboard;
			sourceTree = "<group>";
		};
/* End PBXVariantGroup section */

/* Begin XCBuildConfiguration section */
		3581E7651D274F1C00CA7F37 /* Debug */ = {
			isa = XCBuildConfiguration;
			buildSettings = {
				ALWAYS_SEARCH_USER_PATHS = NO;
				CLANG_ANALYZER_NONNULL = YES;
				CLANG_CXX_LANGUAGE_STANDARD = "gnu++0x";
				CLANG_CXX_LIBRARY = "libc++";
				CLANG_ENABLE_MODULES = YES;
				CLANG_ENABLE_OBJC_ARC = YES;
				CLANG_WARN_BOOL_CONVERSION = YES;
				CLANG_WARN_CONSTANT_CONVERSION = YES;
				CLANG_WARN_DIRECT_OBJC_ISA_USAGE = YES_ERROR;
				CLANG_WARN_EMPTY_BODY = YES;
				CLANG_WARN_ENUM_CONVERSION = YES;
				CLANG_WARN_INT_CONVERSION = YES;
				CLANG_WARN_OBJC_ROOT_CLASS = YES_ERROR;
				CLANG_WARN_UNREACHABLE_CODE = YES;
				CLANG_WARN__DUPLICATE_METHOD_MATCH = YES;
				"CODE_SIGN_IDENTITY[sdk=iphoneos*]" = "iPhone Developer";
				COPY_PHASE_STRIP = NO;
				DEBUG_INFORMATION_FORMAT = dwarf;
				ENABLE_STRICT_OBJC_MSGSEND = YES;
				ENABLE_TESTABILITY = YES;
				GCC_C_LANGUAGE_STANDARD = gnu99;
				GCC_DYNAMIC_NO_PIC = NO;
				GCC_NO_COMMON_BLOCKS = YES;
				GCC_OPTIMIZATION_LEVEL = 0;
				GCC_PREPROCESSOR_DEFINITIONS = (
					"DEBUG=1",
					"$(inherited)",
				);
				GCC_WARN_64_TO_32_BIT_CONVERSION = YES;
				GCC_WARN_ABOUT_RETURN_TYPE = YES_ERROR;
				GCC_WARN_UNDECLARED_SELECTOR = YES;
				GCC_WARN_UNINITIALIZED_AUTOS = YES_AGGRESSIVE;
				GCC_WARN_UNUSED_FUNCTION = YES;
				GCC_WARN_UNUSED_VARIABLE = YES;
				IPHONEOS_DEPLOYMENT_TARGET = 8.0;
				MTL_ENABLE_DEBUG_INFO = YES;
				ONLY_ACTIVE_ARCH = YES;
				SDKROOT = iphoneos;
			};
			name = Debug;
		};
		3581E7661D274F1C00CA7F37 /* Release */ = {
			isa = XCBuildConfiguration;
			buildSettings = {
				ALWAYS_SEARCH_USER_PATHS = NO;
				CLANG_ANALYZER_NONNULL = YES;
				CLANG_CXX_LANGUAGE_STANDARD = "gnu++0x";
				CLANG_CXX_LIBRARY = "libc++";
				CLANG_ENABLE_MODULES = YES;
				CLANG_ENABLE_OBJC_ARC = YES;
				CLANG_WARN_BOOL_CONVERSION = YES;
				CLANG_WARN_CONSTANT_CONVERSION = YES;
				CLANG_WARN_DIRECT_OBJC_ISA_USAGE = YES_ERROR;
				CLANG_WARN_EMPTY_BODY = YES;
				CLANG_WARN_ENUM_CONVERSION = YES;
				CLANG_WARN_INT_CONVERSION = YES;
				CLANG_WARN_OBJC_ROOT_CLASS = YES_ERROR;
				CLANG_WARN_UNREACHABLE_CODE = YES;
				CLANG_WARN__DUPLICATE_METHOD_MATCH = YES;
				"CODE_SIGN_IDENTITY[sdk=iphoneos*]" = "iPhone Developer";
				COPY_PHASE_STRIP = NO;
				DEBUG_INFORMATION_FORMAT = "dwarf-with-dsym";
				ENABLE_NS_ASSERTIONS = NO;
				ENABLE_STRICT_OBJC_MSGSEND = YES;
				GCC_C_LANGUAGE_STANDARD = gnu99;
				GCC_NO_COMMON_BLOCKS = YES;
				GCC_WARN_64_TO_32_BIT_CONVERSION = YES;
				GCC_WARN_ABOUT_RETURN_TYPE = YES_ERROR;
				GCC_WARN_UNDECLARED_SELECTOR = YES;
				GCC_WARN_UNINITIALIZED_AUTOS = YES_AGGRESSIVE;
				GCC_WARN_UNUSED_FUNCTION = YES;
				GCC_WARN_UNUSED_VARIABLE = YES;
				IPHONEOS_DEPLOYMENT_TARGET = 8.0;
				MTL_ENABLE_DEBUG_INFO = NO;
				SDKROOT = iphoneos;
				VALIDATE_PRODUCT = YES;
			};
			name = Release;
		};
		3581E7681D274F1C00CA7F37 /* Debug */ = {
			isa = XCBuildConfiguration;
			baseConfigurationReference = E55F8172D913DD0DEF228308 /* Pods-GankYou.debug.xcconfig */;
			buildSettings = {
				ASSETCATALOG_COMPILER_APPICON_NAME = AppIcon;
				GCC_PRECOMPILE_PREFIX_HEADER = YES;
				GCC_PREFIX_HEADER = "GankYou/GankYou-Prefix.pch";
				INFOPLIST_FILE = GankYou/Info.plist;
				LD_RUNPATH_SEARCH_PATHS = "$(inherited) @executable_path/Frameworks";
				PRODUCT_BUNDLE_IDENTIFIER = me.itangqi.GankYou;
				PRODUCT_NAME = "$(TARGET_NAME)";
			};
			name = Debug;
		};
		3581E7691D274F1C00CA7F37 /* Release */ = {
			isa = XCBuildConfiguration;
			baseConfigurationReference = 12942C916A40E01B9CA28D73 /* Pods-GankYou.release.xcconfig */;
			buildSettings = {
				ASSETCATALOG_COMPILER_APPICON_NAME = AppIcon;
				GCC_PRECOMPILE_PREFIX_HEADER = YES;
				GCC_PREFIX_HEADER = "GankYou/GankYou-Prefix.pch";
				INFOPLIST_FILE = GankYou/Info.plist;
				LD_RUNPATH_SEARCH_PATHS = "$(inherited) @executable_path/Frameworks";
				PRODUCT_BUNDLE_IDENTIFIER = me.itangqi.GankYou;
				PRODUCT_NAME = "$(TARGET_NAME)";
			};
			name = Release;
		};
		3581E76B1D274F1C00CA7F37 /* Debug */ = {
			isa = XCBuildConfiguration;
			buildSettings = {
				BUNDLE_LOADER = "$(TEST_HOST)";
				INFOPLIST_FILE = GankYouTests/Info.plist;
				LD_RUNPATH_SEARCH_PATHS = "$(inherited) @executable_path/Frameworks @loader_path/Frameworks";
				PRODUCT_BUNDLE_IDENTIFIER = me.itangqi.GankYouTests;
				PRODUCT_NAME = "$(TARGET_NAME)";
				TEST_HOST = "$(BUILT_PRODUCTS_DIR)/GankYou.app/GankYou";
			};
			name = Debug;
		};
		3581E76C1D274F1C00CA7F37 /* Release */ = {
			isa = XCBuildConfiguration;
			buildSettings = {
				BUNDLE_LOADER = "$(TEST_HOST)";
				INFOPLIST_FILE = GankYouTests/Info.plist;
				LD_RUNPATH_SEARCH_PATHS = "$(inherited) @executable_path/Frameworks @loader_path/Frameworks";
				PRODUCT_BUNDLE_IDENTIFIER = me.itangqi.GankYouTests;
				PRODUCT_NAME = "$(TARGET_NAME)";
				TEST_HOST = "$(BUILT_PRODUCTS_DIR)/GankYou.app/GankYou";
			};
			name = Release;
		};
		3581E76E1D274F1C00CA7F37 /* Debug */ = {
			isa = XCBuildConfiguration;
			buildSettings = {
				INFOPLIST_FILE = GankYouUITests/Info.plist;
				LD_RUNPATH_SEARCH_PATHS = "$(inherited) @executable_path/Frameworks @loader_path/Frameworks";
				PRODUCT_BUNDLE_IDENTIFIER = me.itangqi.GankYouUITests;
				PRODUCT_NAME = "$(TARGET_NAME)";
				TEST_TARGET_NAME = GankYou;
			};
			name = Debug;
		};
		3581E76F1D274F1C00CA7F37 /* Release */ = {
			isa = XCBuildConfiguration;
			buildSettings = {
				INFOPLIST_FILE = GankYouUITests/Info.plist;
				LD_RUNPATH_SEARCH_PATHS = "$(inherited) @executable_path/Frameworks @loader_path/Frameworks";
				PRODUCT_BUNDLE_IDENTIFIER = me.itangqi.GankYouUITests;
				PRODUCT_NAME = "$(TARGET_NAME)";
				TEST_TARGET_NAME = GankYou;
			};
			name = Release;
		};
/* End XCBuildConfiguration section */

/* Begin XCConfigurationList section */
		3581E7351D274F1C00CA7F37 /* Build configuration list for PBXProject "GankYou" */ = {
			isa = XCConfigurationList;
			buildConfigurations = (
				3581E7651D274F1C00CA7F37 /* Debug */,
				3581E7661D274F1C00CA7F37 /* Release */,
			);
			defaultConfigurationIsVisible = 0;
			defaultConfigurationName = Release;
		};
		3581E7671D274F1C00CA7F37 /* Build configuration list for PBXNativeTarget "GankYou" */ = {
			isa = XCConfigurationList;
			buildConfigurations = (
				3581E7681D274F1C00CA7F37 /* Debug */,
				3581E7691D274F1C00CA7F37 /* Release */,
			);
			defaultConfigurationIsVisible = 0;
			defaultConfigurationName = Release;
		};
		3581E76A1D274F1C00CA7F37 /* Build configuration list for PBXNativeTarget "GankYouTests" */ = {
			isa = XCConfigurationList;
			buildConfigurations = (
				3581E76B1D274F1C00CA7F37 /* Debug */,
				3581E76C1D274F1C00CA7F37 /* Release */,
			);
			defaultConfigurationIsVisible = 0;
			defaultConfigurationName = Release;
		};
		3581E76D1D274F1C00CA7F37 /* Build configuration list for PBXNativeTarget "GankYouUITests" */ = {
			isa = XCConfigurationList;
			buildConfigurations = (
				3581E76E1D274F1C00CA7F37 /* Debug */,
				3581E76F1D274F1C00CA7F37 /* Release */,
			);
			defaultConfigurationIsVisible = 0;
			defaultConfigurationName = Release;
		};
/* End XCConfigurationList section */
	};
	rootObject = 3581E7321D274F1C00CA7F37 /* Project object */;
}
